
Microsoft Visual Studio Solution File, Format Version 12.00
# Visual Studio 15
VisualStudioVersion = 15.0.28307.2017
MinimumVisualStudioVersion = 10.0.40219.1
Project("{FAE04EC0-301F-11D3-BF4B-00C04F79EFBC}") = "App de Usuario", "App de Usuario\App de Usuario.csproj", "{B2619481-95AD-4D32-9715-5E640B576F81}"
EndProject
Project("{2150E333-8FDC-42A3-9474-1A3956D46DE8}") = "AppUsuario", "AppUsuario", "{EE39F5A5-9D8D-4F7F-9A88-58F03E853896}"
EndProject
Global
	GlobalSection(SolutionConfigurationPlatforms) = preSolution
		Debug|Any CPU = Debug|Any CPU
		Release|Any CPU = Release|Any CPU
	EndGlobalSection
	GlobalSection(ProjectConfigurationPlatforms) = postSolution
		{B2619481-95AD-4D32-9715-5E640B576F81}.Debug|Any CPU.ActiveCfg = Debug|Any CPU
		{B2619481-95AD-4D32-9715-5E640B576F81}.Debug|Any CPU.Build.0 = Debug|Any CPU
		{B2619481-95AD-4D32-9715-5E640B576F81}.Release|Any CPU.ActiveCfg = Release|Any CPU
		{B2619481-95AD-4D32-9715-5E640B576F81}.Release|Any CPU.Build.0 = Release|Any CPU
	EndGlobalSection
	GlobalSection(SolutionProperties) = preSolution
		HideSolutionNode = FALSE
	EndGlobalSection
	GlobalSection(NestedProjects) = preSolution
		{B2619481-95AD-4D32-9715-5E640B576F81} = {EE39F5A5-9D8D-4F7F-9A88-58F03E853896}
	EndGlobalSection
	GlobalSection(ExtensibilityGlobals) = postSolution
		SolutionGuid = {FC19F85F-8E02-43ED-91A9-ABC4E4F288BC}
	EndGlobalSection
EndGlobal
